// !$*UTF8*$!
{
	archiveVersion = 1;
	classes = {
	};
	objectVersion = 77;
	objects = {

/* Begin PBXContainerItemProxy section */
		C1CDB8B32FE9C6F600A26957 /* PBXContainerItemProxy */ = {
			isa = PBXContainerItemProxy;
			containerPortal = C1CDB89B2FE9C6F400A26957 /* Project object */;
			proxyType = 1;
			remoteGlobalIDString = C1CDB8A22FE9C6F400A26957;
			remoteInfo = PerfectCircle;
		};
		C1CDB8BD2FE9C6F600A26957 /* PBXContainerItemProxy */ = {
			isa = PBXContainerItemProxy;
			containerPortal = C1CDB89B2FE9C6F400A26957 /* Project object */;
			proxyType = 1;
			remoteGlobalIDString = C1CDB8A22FE9C6F400A26957;
			remoteInfo = PerfectCircle;
		};
/* End PBXContainerItemProxy section */

/* Begin PBXFileReference section */
		C1CDB8A32FE9C6F400A26957 /* PerfectCircle.app */ = {isa = PBXFileReference; explicitFileType = wrapper.application; includeInIndex = 0; path = PerfectCircle.app; sourceTree = BUILT_PRODUCTS_DIR; };
		C1CDB8B22FE9C6F600A26957 /* PerfectCircleTests.xctest */ = {isa = PBXFileReference; explicitFileType = wrapper.cfbundle; includeInIndex = 0; path = PerfectCircleTests.xctest; sourceTree = BUILT_PRODUCTS_DIR; };
		C1CDB8BC2FE9C6F600A26957 /* PerfectCircleUITests.xctest */ = {isa = PBXFileReference; explicitFileType = wrapper.cfbundle; includeInIndex = 0; path = PerfectCircleUITests.xctest; sourceTree = BUILT_PRODUCTS_DIR; };
/* End PBXFileReference section */

/* Begin PBXFileSystemSynchronizedRootGroup section */
		C1CDB8A52FE9C6F400A26957 /* PerfectCircle */ = {
			isa = PBXFileSystemSynchronizedRootGroup;
			path = PerfectCircle;
			sourceTree = "<group>";
		};
		C1CDB8B52FE9C6F600A26957 /* PerfectCircleTests */ = {
			isa = PBXFileSystemSynchronizedRootGroup;
			path = PerfectCircleTests;
			sourceTree = "<group>";
		};
		C1CDB8BF2FE9C6F600A26957 /* PerfectCircleUITests */ = {
			isa = PBXFileSystemSynchronizedRootGroup;
			path = PerfectCircleUITests;
			sourceTree = "<group>";
		};
/* End PBXFileSystemSynchronizedRootGroup section */

/* Begin PBXFrameworksBuildPhase section */
		C1CDB8A02FE9C6F400A26957 /* Frameworks */ = {
			isa = PBXFrameworksBuildPhase;
			buildActionMask = 2147483647;
			files = (
			);
			runOnlyForDeploymentPostprocessing = 0;
		};
		C1CDB8AF2FE9C6F600A26957 /* Frameworks */ = {
			isa = PBXFrameworksBuildPhase;
			buildActionMask = 2147483647;
			files = (
			);
			runOnlyForDeploymentPostprocessing = 0;
		};
		C1CDB8B92FE9C6F600A26957 /* Frameworks */ = {
			isa = PBXFrameworksBuildPhase;
			buildActionMask = 2147483647;
			files = (
			);
			runOnlyForDeploymentPostprocessing = 0;
		};
/* End PBXFrameworksBuildPhase section */

/* Begin PBXGroup section */
		C1CDB89A2FE9C6F400A26957 = {
			isa = PBXGroup;
			children = (
				C1CDB8A52FE9C6F400A26957 /* PerfectCircle */,
				C1CDB8B52FE9C6F600A26957 /* PerfectCircleTests */,
				C1CDB8BF2FE9C6F600A26957 /* PerfectCircleUITests */,
				C1CDB8A42FE9C6F400A26957 /* Products */,
			);
			sourceTree = "<group>";
		};
		C1CDB8A42FE9C6F400A26957 /* Products */ = {
			isa = PBXGroup;
			children = (
				C1CDB8A32FE9C6F400A26957 /* PerfectCircle.app */,
				C1CDB8B22FE9C6F600A26957 /* PerfectCircleTests.xctest */,
				C1CDB8BC2FE9C6F600A26957 /* PerfectCircleUITests.xctest */,
			);
			name = Products;
			sourceTree = "<group>";
		};
/* End PBXGroup section */

/* Begin PBXNativeTarget section */
		C1CDB8A22FE9C6F400A26957 /* PerfectCircle */ = {
			isa = PBXNativeTarget;
			buildConfigurationList = C1CDB8C62FE9C6F600A26957 /* Build configuration list for PBXNativeTarget "PerfectCircle" */;
			buildPhases = (
				C1CDB89F2FE9C6F400A26957 /* Sources */,
				C1CDB8A02FE9C6F400A26957 /* Frameworks */,
				C1CDB8A12FE9C6F400A26957 /* Resources */,
			);
			buildRules = (
			);
			dependencies = (
			);
			fileSystemSynchronizedGroups = (
				C1CDB8A52FE9C6F400A26957 /* PerfectCircle */,
			);
			name = PerfectCircle;
			packageProductDependencies = (
			);
			productName = PerfectCircle;
			productReference = C1CDB8A32FE9C6F400A26957 /* PerfectCircle.app */;
			productType = "com.apple.product-type.application";
		};
		C1CDB8B12FE9C6F600A26957 /* PerfectCircleTests */ = {
			isa = PBXNativeTarget;
			buildConfigurationList = C1CDB8C92FE9C6F600A26957 /* Build configuration list for PBXNativeTarget "PerfectCircleTests" */;
			buildPhases = (
				C1CDB8AE2FE9C6F600A26957 /* Sources */,
				C1CDB8AF2FE9C6F600A26957 /* Frameworks */,
				C1CDB8B02FE9C6F600A26957 /* Resources */,
			);
			buildRules = (
			);
			dependencies = (
				C1CDB8B42FE9C6F600A26957 /* PBXTargetDependency */,
			);
			fileSystemSynchronizedGroups = (
				C1CDB8B52FE9C6F600A26957 /* PerfectCircleTests */,
			);
			name = PerfectCircleTests;
			packageProductDependencies = (
			);
			productName = PerfectCircleTests;
			productReference = C1CDB8B22FE9C6F600A26957 /* PerfectCircleTests.xctest */;
			productType = "com.apple.product-type.bundle.unit-test";
		};
		C1CDB8BB2FE9C6F600A26957 /* PerfectCircleUITests */ = {
			isa = PBXNativeTarget;
			buildConfigurationList = C1CDB8CC2FE9C6F600A26957 /* Build configuration list for PBXNativeTarget "PerfectCircleUITests" */;
			buildPhases = (
				C1CDB8B82FE9C6F600A26957 /* Sources */,
				C1CDB8B92FE9C6F600A26957 /* Frameworks */,
				C1CDB8BA2FE9C6F600A26957 /* Resources */,
			);
			buildRules = (
			);
			dependencies = (
				C1CDB8BE2FE9C6F600A26957 /* PBXTargetDependency */,
			);
			fileSystemSynchronizedGroups = (
				C1CDB8BF2FE9C6F600A26957 /* PerfectCircleUITests */,
			);
			name = PerfectCircleUITests;
			packageProductDependencies = (
			);
			productName = PerfectCircleUITests;
			productReference = C1CDB8BC2FE9C6F600A26957 /* PerfectCircleUITests.xctest */;
			productType = "com.apple.product-type.bundle.ui-testing";
		};
/* End PBXNativeTarget section */

/* Begin PBXProject section */
		C1CDB89B2FE9C6F400A26957 /* Project object */ = {
			isa = PBXProject;
			attributes = {
				BuildIndependentTargetsInParallel = 1;
				LastSwiftUpdateCheck = 2620;
				LastUpgradeCheck = 2620;
				TargetAttributes = {
					C1CDB8A22FE9C6F400A26957 = {
						CreatedOnToolsVersion = 26.2;
					};
					C1CDB8B12FE9C6F600A26957 = {
						CreatedOnToolsVersion = 26.2;
						TestTargetID = C1CDB8A22FE9C6F400A26957;
					};
					C1CDB8BB2FE9C6F600A26957 = {
						CreatedOnToolsVersion = 26.2;
						TestTargetID = C1CDB8A22FE9C6F400A26957;
					};
				};
			};
			buildConfigurationList = C1CDB89E2FE9C6F400A26957 /* Build configuration list for PBXProject "PerfectCircle" */;
			developmentRegion = en;
			hasScannedForEncodings = 0;
			knownRegions = (
				en,
				Base,
			);
			mainGroup = C1CDB89A2FE9C6F400A26957;
			minimizedProjectReferenceProxies = 1;
			preferredProjectObjectVersion = 77;
			productRefGroup = C1CDB8A42FE9C6F400A26957 /* Products */;
			projectDirPath = "";
			projectRoot = "";
			targets = (
				C1CDB8A22FE9C6F400A26957 /* PerfectCircle */,
				C1CDB8B12FE9C6F600A26957 /* PerfectCircleTests */,
				C1CDB8BB2FE9C6F600A26957 /* PerfectCircleUITests */,
			);
		};
/* End PBXProject section */

/* Begin PBXResourcesBuildPhase section */
		C1CDB8A12FE9C6F400A26957 /* Resources */ = {
			isa = PBXResourcesBuildPhase;
			buildActionMask = 2147483647;
			files = (
			);
			runOnlyForDeploymentPostprocessing = 0;
		};
		C1CDB8B02FE9C6F600A26957 /* Resources */ = {
			isa = PBXResourcesBuildPhase;
			buildActionMask = 2147483647;
			files = (
			);
			runOnlyForDeploymentPostprocessing = 0;
		};
		C1CDB8BA2FE9C6F600A26957 /* Resources */ = {
			isa = PBXResourcesBuildPhase;
			buildActionMask = 2147483647;
			files = (
			);
			runOnlyForDeploymentPostprocessing = 0;
		};
/* End PBXResourcesBuildPhase section */

/* Begin PBXSourcesBuildPhase section */
		C1CDB89F2FE9C6F400A26957 /* Sources */ = {
			isa = PBXSourcesBuildPhase;
			buildActionMask = 2147483647;
			files = (
			);
			runOnlyForDeploymentPostprocessing = 0;
		};
		C1CDB8AE2FE9C6F600A26957 /* Sources */ = {
			isa = PBXSourcesBuildPhase;
			buildActionMask = 2147483647;
			files = (
			);
			runOnlyForDeploymentPostprocessing = 0;
		};
		C1CDB8B82FE9C6F600A26957 /* Sources */ = {
			isa = PBXSourcesBuildPhase;
			buildActionMask = 2147483647;
			files = (
			);
			runOnlyForDeploymentPostprocessing = 0;
		};
/* End PBXSourcesBuildPhase section */

/* Begin PBXTargetDependency section */
		C1CDB8B42FE9C6F600A26957 /* PBXTargetDependency */ = {
			isa = PBXTargetDependency;
			target = C1CDB8A22FE9C6F400A26957 /* PerfectCircle */;
			targetProxy = C1CDB8B32FE9C6F600A26957 /* PBXContainerItemProxy */;
		};
		C1CDB8BE2FE9C6F600A26957 /* PBXTargetDependency */ = {
			isa = PBXTargetDependency;
			target = C1CDB8A22FE9C6F400A26957 /* PerfectCircle */;
			targetProxy = C1CDB8BD2FE9C6F600A26957 /* PBXContainerItemProxy */;
		};
/* End PBXTargetDependency section */

/* Begin XCBuildConfiguration section */
		C1CDB8C42FE9C6F600A26957 /* Debug */ = {
			isa = XCBuildConfiguration;
			buildSettings = {
				ALWAYS_SEARCH_USER_PATHS = NO;
				ASSETCATALOG_COMPILER_GENERATE_SWIFT_ASSET_SYMBOL_EXTENSIONS = YES;
				CLANG_ANALYZER_NONNULL = YES;
				CLANG_ANALYZER_NUMBER_OBJECT_CONVERSION = YES_AGGRESSIVE;
				CLANG_CXX_LANGUAGE_STANDARD = "gnu++20";
				CLANG_ENABLE_MODULES = YES;
				CLANG_ENABLE_OBJC_ARC = YES;
				CLANG_ENABLE_OBJC_WEAK = YES;
				CLANG_WARN_BLOCK_CAPTURE_AUTORELEASING = YES;
				CLANG_WARN_BOOL_CONVERSION = YES;
				CLANG_WARN_COMMA = YES;
				CLANG_WARN_CONSTANT_CONVERSION = YES;
				CLANG_WARN_DEPRECATED_OBJC_IMPLEMENTATIONS = YES;
				CLANG_WARN_DIRECT_OBJC_ISA_USAGE = YES_ERROR;
				CLANG_WARN_DOCUMENTATION_COMMENTS = YES;
				CLANG_WARN_EMPTY_BODY = YES;
				CLANG_WARN_ENUM_CONVERSION = YES;
				CLANG_WARN_INFINITE_RECURSION = YES;
				CLANG_WARN_INT_CONVERSION = YES;
				CLANG_WARN_NON_LITERAL_NULL_CONVERSION = YES;
				CLANG_WARN_OBJC_IMPLICIT_RETAIN_SELF = YES;
				CLANG_WARN_OBJC_LITERAL_CONVERSION = YES;
				CLANG_WARN_OBJC_ROOT_CLASS = YES_ERROR;
				CLANG_WARN_QUOTED_INCLUDE_IN_FRAMEWORK_HEADER = YES;
				CLANG_WARN_RANGE_LOOP_ANALYSIS = YES;
				CLANG_WARN_STRICT_PROTOTYPES = YES;
				CLANG_WARN_SUSPICIOUS_MOVE = YES;
				CLANG_WARN_UNGUARDED_AVAILABILITY = YES_AGGRESSIVE;
				CLANG_WARN_UNREACHABLE_CODE = YES;
				CLANG_WARN__DUPLICATE_METHOD_MATCH = YES;
				COPY_PHASE_STRIP = NO;
				DEBUG_INFORMATION_FORMAT = dwarf;
				ENABLE_STRICT_OBJC_MSGSEND = YES;
				ENABLE_TESTABILITY = YES;
				ENABLE_USER_SCRIPT_SANDBOXING = YES;
				GCC_C_LANGUAGE_STANDARD = gnu17;
				GCC_DYNAMIC_NO_PIC = NO;
				GCC_NO_COMMON_BLOCKS = YES;
				GCC_OPTIMIZATION_LEVEL = 0;
				GCC_PREPROCESSOR_DEFINITIONS = (
					"DEBUG=1",
					"$(inherited)",
				);
				GCC_WARN_64_TO_32_BIT_CONVERSION = YES;
				GCC_WARN_ABOUT_RETURN_TYPE = YES_ERROR;
				GCC_WARN_UNDECLARED_SELECTOR = YES;
				GCC_WARN_UNINITIALIZED_AUTOS = YES_AGGRESSIVE;
				GCC_WARN_UNUSED_FUNCTION = YES;
				GCC_WARN_UNUSED_VARIABLE = YES;
				IPHONEOS_DEPLOYMENT_TARGET = 26.2;
				LOCALIZATION_PREFERS_STRING_CATALOGS = YES;
				MTL_ENABLE_DEBUG_INFO = INCLUDE_SOURCE;
				MTL_FAST_MATH = YES;
				ONLY_ACTIVE_ARCH = YES;
				SDKROOT = iphoneos;
				SWIFT_ACTIVE_COMPILATION_CONDITIONS = "DEBUG $(inherited)";
				SWIFT_OPTIMIZATION_LEVEL = "-Onone";
			};
			name = Debug;
		};
		C1CDB8C52FE9C6F600A26957 /* Release */ = {
			isa = XCBuildConfiguration;
			buildSettings = {
				ALWAYS_SEARCH_USER_PATHS = NO;
				ASSETCATALOG_COMPILER_GENERATE_SWIFT_ASSET_SYMBOL_EXTENSIONS = YES;
				CLANG_ANALYZER_NONNULL = YES;
				CLANG_ANALYZER_NUMBER_OBJECT_CONVERSION = YES_AGGRESSIVE;
				CLANG_CXX_LANGUAGE_STANDARD = "gnu++20";
				CLANG_ENABLE_MODULES = YES;
				CLANG_ENABLE_OBJC_ARC = YES;
				CLANG_ENABLE_OBJC_WEAK = YES;
				CLANG_WARN_BLOCK_CAPTURE_AUTORELEASING = YES;
				CLANG_WARN_BOOL_CONVERSION = YES;
				CLANG_WARN_COMMA = YES;
				CLANG_WARN_CONSTANT_CONVERSION = YES;
				CLANG_WARN_DEPRECATED_OBJC_IMPLEMENTATIONS = YES;
				CLANG_WARN_DIRECT_OBJC_ISA_USAGE = YES_ERROR;
				CLANG_WARN_DOCUMENTATION_COMMENTS = YES;
				CLANG_WARN_EMPTY_BODY = YES;
				CLANG_WARN_ENUM_CONVERSION = YES;
				CLANG_WARN_INFINITE_RECURSION = YES;
				CLANG_WARN_INT_CONVERSION = YES;
				CLANG_WARN_NON_LITERAL_NULL_CONVERSION = YES;
				CLANG_WARN_OBJC_IMPLICIT_RETAIN_SELF = YES;
				CLANG_WARN_OBJC_LITERAL_CONVERSION = YES;
				CLANG_WARN_OBJC_ROOT_CLASS = YES_ERROR;
				CLANG_WARN_QUOTED_INCLUDE_IN_FRAMEWORK_HEADER = YES;
				CLANG_WARN_RANGE_LOOP_ANALYSIS = YES;
				CLANG_WARN_STRICT_PROTOTYPES = YES;
				CLANG_WARN_SUSPICIOUS_MOVE = YES;
				CLANG_WARN_UNGUARDED_AVAILABILITY = YES_AGGRESSIVE;
				CLANG_WARN_UNREACHABLE_CODE = YES;
				CLANG_WARN__DUPLICATE_METHOD_MATCH = YES;
				COPY_PHASE_STRIP = NO;
				DEBUG_INFORMATION_FORMAT = "dwarf-with-dsym";
				ENABLE_NS_ASSERTIONS = NO;
				ENABLE_STRICT_OBJC_MSGSEND = YES;
				ENABLE_USER_SCRIPT_SANDBOXING = YES;
				GCC_C_LANGUAGE_STANDARD = gnu17;
				GCC_NO_COMMON_BLOCKS = YES;
				GCC_WARN_64_TO_32_BIT_CONVERSION = YES;
				GCC_WARN_ABOUT_RETURN_TYPE = YES_ERROR;
				GCC_WARN_UNDECLARED_SELECTOR = YES;
				GCC_WARN_UNINITIALIZED_AUTOS = YES_AGGRESSIVE;
				GCC_WARN_UNUSED_FUNCTION = YES;
				GCC_WARN_UNUSED_VARIABLE = YES;
				IPHONEOS_DEPLOYMENT_TARGET = 26.2;
				LOCALIZATION_PREFERS_STRING_CATALOGS = YES;
				MTL_ENABLE_DEBUG_INFO = NO;
				MTL_FAST_MATH = YES;
				SDKROOT = iphoneos;
				SWIFT_COMPILATION_MODE = wholemodule;
				VALIDATE_PRODUCT = YES;
			};
			name = Release;
		};
		C1CDB8C72FE9C6F600A26957 /* Debug */ = {
			isa = XCBuildConfiguration;
			buildSettings = {
				ASSETCATALOG_COMPILER_APPICON_NAME = AppIcon;
				ASSETCATALOG_COMPILER_GLOBAL_ACCENT_COLOR_NAME = AccentColor;
				CODE_SIGN_STYLE = Automatic;
				CURRENT_PROJECT_VERSION = 1;
				ENABLE_PREVIEWS = YES;
				GENERATE_INFOPLIST_FILE = YES;
				INFOPLIST_KEY_UIApplicationSceneManifest_Generation = YES;
				INFOPLIST_KEY_UIApplicationSupportsIndirectInputEvents = YES;
				INFOPLIST_KEY_UILaunchScreen_Generation = YES;
				INFOPLIST_KEY_UISupportedInterfaceOrientations_iPad = "UIInterfaceOrientationPortrait UIInterfaceOrientationPortraitUpsideDown UIInterfaceOrientationLandscapeLeft UIInterfaceOrientationLandscapeRight";
				INFOPLIST_KEY_UISupportedInterfaceOrientations_iPhone = "UIInterfaceOrientationPortrait UIInterfaceOrientationLandscapeLeft UIInterfaceOrientationLandscapeRight";
				LD_RUNPATH_SEARCH_PATHS = (
					"$(inherited)",
					"@executable_path/Frameworks",
				);
				MARKETING_VERSION = 1.0;
				PRODUCT_BUNDLE_IDENTIFIER = lm2.PerfectCircle;
				PRODUCT_NAME = "$(TARGET_NAME)";
				STRING_CATALOG_GENERATE_SYMBOLS = YES;
				SWIFT_APPROACHABLE_CONCURRENCY = YES;
				SWIFT_DEFAULT_ACTOR_ISOLATION = MainActor;
				SWIFT_EMIT_LOC_STRINGS = YES;
				SWIFT_UPCOMING_FEATURE_MEMBER_IMPORT_VISIBILITY = YES;
				SWIFT_VERSION = 5.0;
				TARGETED_DEVICE_FAMILY = "1,2";
			};
			name = Debug;
		};
		C1CDB8C82FE9C6F600A26957 /* Release */ = {
			isa = XCBuildConfiguration;
			buildSettings = {
				ASSETCATALOG_COMPILER_APPICON_NAME = AppIcon;
				ASSETCATALOG_COMPILER_GLOBAL_ACCENT_COLOR_NAME = AccentColor;
				CODE_SIGN_STYLE = Automatic;
				CURRENT_PROJECT_VERSION = 1;
				ENABLE_PREVIEWS = YES;
				GENERATE_INFOPLIST_FILE = YES;
				INFOPLIST_KEY_UIApplicationSceneManifest_Generation = YES;
				INFOPLIST_KEY_UIApplicationSupportsIndirectInputEvents = YES;
				INFOPLIST_KEY_UILaunchScreen_Generation = YES;
				INFOPLIST_KEY_UISupportedInterfaceOrientations_iPad = "UIInterfaceOrientationPortrait UIInterfaceOrientationPortraitUpsideDown UIInterfaceOrientationLandscapeLeft UIInterfaceOrientationLandscapeRight";
				INFOPLIST_KEY_UISupportedInterfaceOrientations_iPhone = "UIInterfaceOrientationPortrait UIInterfaceOrientationLandscapeLeft UIInterfaceOrientationLandscapeRight";
				LD_RUNPATH_SEARCH_PATHS = (
					"$(inherited)",
					"@executable_path/Frameworks",
				);
				MARKETING_VERSION = 1.0;
				PRODUCT_BUNDLE_IDENTIFIER = lm2.PerfectCircle;
				PRODUCT_NAME = "$(TARGET_NAME)";
				STRING_CATALOG_GENERATE_SYMBOLS = YES;
				SWIFT_APPROACHABLE_CONCURRENCY = YES;
				SWIFT_DEFAULT_ACTOR_ISOLATION = MainActor;
				SWIFT_EMIT_LOC_STRINGS = YES;
				SWIFT_UPCOMING_FEATURE_MEMBER_IMPORT_VISIBILITY = YES;
				SWIFT_VERSION = 5.0;
				TARGETED_DEVICE_FAMILY = "1,2";
			};
			name = Release;
		};
		C1CDB8CA2FE9C6F600A26957 /* Debug */ = {
			isa = XCBuildConfiguration;
			buildSettings = {
				BUNDLE_LOADER = "$(TEST_HOST)";
				CODE_SIGN_STYLE = Automatic;
				CURRENT_PROJECT_VERSION = 1;
				GENERATE_INFOPLIST_FILE = YES;
				IPHONEOS_DEPLOYMENT_TARGET = 26.2;
				MARKETING_VERSION = 1.0;
				PRODUCT_BUNDLE_IDENTIFIER = lm2.PerfectCircleTests;
				PRODUCT_NAME = "$(TARGET_NAME)";
				STRING_CATALOG_GENERATE_SYMBOLS = NO;
				SWIFT_APPROACHABLE_CONCURRENCY = YES;
				SWIFT_EMIT_LOC_STRINGS = NO;
				SWIFT_UPCOMING_FEATURE_MEMBER_IMPORT_VISIBILITY = YES;
				SWIFT_VERSION = 5.0;
				TARGETED_DEVICE_FAMILY = "1,2";
				TEST_HOST = "$(BUILT_PRODUCTS_DIR)/PerfectCircle.app/$(BUNDLE_EXECUTABLE_FOLDER_PATH)/PerfectCircle";
			};
			name = Debug;
		};
		C1CDB8CB2FE9C6F600A26957 /* Release */ = {
			isa = XCBuildConfiguration;
			buildSettings = {
				BUNDLE_LOADER = "$(TEST_HOST)";
				CODE_SIGN_STYLE = Automatic;
				CURRENT_PROJECT_VERSION = 1;
				GENERATE_INFOPLIST_FILE = YES;
				IPHONEOS_DEPLOYMENT_TARGET = 26.2;
				MARKETING_VERSION = 1.0;
				PRODUCT_BUNDLE_IDENTIFIER = lm2.PerfectCircleTests;
				PRODUCT_NAME = "$(TARGET_NAME)";
				STRING_CATALOG_GENERATE_SYMBOLS = NO;
				SWIFT_APPROACHABLE_CONCURRENCY = YES;
				SWIFT_EMIT_LOC_STRINGS = NO;
				SWIFT_UPCOMING_FEATURE_MEMBER_IMPORT_VISIBILITY = YES;
				SWIFT_VERSION = 5.0;
				TARGETED_DEVICE_FAMILY = "1,2";
				TEST_HOST = "$(BUILT_PRODUCTS_DIR)/PerfectCircle.app/$(BUNDLE_EXECUTABLE_FOLDER_PATH)/PerfectCircle";
			};
			name = Release;
		};
		C1CDB8CD2FE9C6F600A26957 /* Debug */ = {
			isa = XCBuildConfiguration;
			buildSettings = {
				CODE_SIGN_STYLE = Automatic;
				CURRENT_PROJECT_VERSION = 1;
				GENERATE_INFOPLIST_FILE = YES;
				MARKETING_VERSION = 1.0;
				PRODUCT_BUNDLE_IDENTIFIER = lm2.PerfectCircleUITests;
				PRODUCT_NAME = "$(TARGET_NAME)";
				STRING_CATALOG_GENERATE_SYMBOLS = NO;
				SWIFT_APPROACHABLE_CONCURRENCY = YES;
				SWIFT_EMIT_LOC_STRINGS = NO;
				SWIFT_UPCOMING_FEATURE_MEMBER_IMPORT_VISIBILITY = YES;
				SWIFT_VERSION = 5.0;
				TARGETED_DEVICE_FAMILY = "1,2";
				TEST_TARGET_NAME = PerfectCircle;
			};
			name = Debug;
		};
		C1CDB8CE2FE9C6F600A26957 /* Release */ = {
			isa = XCBuildConfiguration;
			buildSettings = {
				CODE_SIGN_STYLE = Automatic;
				CURRENT_PROJECT_VERSION = 1;
				GENERATE_INFOPLIST_FILE = YES;
				MARKETING_VERSION = 1.0;
				PRODUCT_BUNDLE_IDENTIFIER = lm2.PerfectCircleUITests;
				PRODUCT_NAME = "$(TARGET_NAME)";
				STRING_CATALOG_GENERATE_SYMBOLS = NO;
				SWIFT_APPROACHABLE_CONCURRENCY = YES;
				SWIFT_EMIT_LOC_STRINGS = NO;
				SWIFT_UPCOMING_FEATURE_MEMBER_IMPORT_VISIBILITY = YES;
				SWIFT_VERSION = 5.0;
				TARGETED_DEVICE_FAMILY = "1,2";
				TEST_TARGET_NAME = PerfectCircle;
			};
			name = Release;
		};
/* End XCBuildConfiguration section */

/* Begin XCConfigurationList section */
		C1CDB89E2FE9C6F400A26957 /* Build configuration list for PBXProject "PerfectCircle" */ = {
			isa = XCConfigurationList;
			buildConfigurations = (
				C1CDB8C42FE9C6F600A26957 /* Debug */,
				C1CDB8C52FE9C6F600A26957 /* Release */,
			);
			defaultConfigurationIsVisible = 0;
			defaultConfigurationName = Release;
		};
		C1CDB8C62FE9C6F600A26957 /* Build configuration list for PBXNativeTarget "PerfectCircle" */ = {
			isa = XCConfigurationList;
			buildConfigurations = (
				C1CDB8C72FE9C6F600A26957 /* Debug */,
				C1CDB8C82FE9C6F600A26957 /* Release */,
			);
			defaultConfigurationIsVisible = 0;
			defaultConfigurationName = Release;
		};
		C1CDB8C92FE9C6F600A26957 /* Build configuration list for PBXNativeTarget "PerfectCircleTests" */ = {
			isa = XCConfigurationList;
			buildConfigurations = (
				C1CDB8CA2FE9C6F600A26957 /* Debug */,
				C1CDB8CB2FE9C6F600A26957 /* Release */,
			);
			defaultConfigurationIsVisible = 0;
			defaultConfigurationName = Release;
		};
		C1CDB8CC2FE9C6F600A26957 /* Build configuration list for PBXNativeTarget "PerfectCircleUITests" */ = {
			isa = XCConfigurationList;
			buildConfigurations = (
				C1CDB8CD2FE9C6F600A26957 /* Debug */,
				C1CDB8CE2FE9C6F600A26957 /* Release */,
			);
			defaultConfigurationIsVisible = 0;
			defaultConfigurationName = Release;
		};
/* End XCConfigurationList section */
	};
	rootObject = C1CDB89B2FE9C6F400A26957 /* Project object */;
}
